PODS:
  - CocoaAsyncSocket (7.4.3):
    - CocoaAsyncSocket/All (= 7.4.3)
  - CocoaAsyncSocket/All (7.4.3):
    - CocoaAsyncSocket/GCD
    - CocoaAsyncSocket/RunLoop
  - CocoaAsyncSocket/GCD (7.4.3)
  - CocoaAsyncSocket/RunLoop (7.4.3)
  - DQAlertView (1.2.1)
  - KLCPopup (1.0)
  - MagicalRecord (2.3.2):
    - MagicalRecord/Core (= 2.3.2)
  - MagicalRecord/Core (2.3.2)
  - SDWebImage+ExtensionSupport (3.7.1.2):
    - SDWebImage+ExtensionSupport/Core (= 3.7.1.2)
  - SDWebImage+ExtensionSupport/Core (3.7.1.2)
  - Toast (3.0)

DEPENDENCIES:
  - CocoaAsyncSocket
  - DQAlertView (~> 1.2.1)
  - KLCPopup (~> 1.0)
  - MagicalRecord
  - SDWebImage+ExtensionSupport (~> 3.7)
  - Toast (~> 3.0)

SPEC CHECKSUMS:
  CocoaAsyncSocket: a18c75dca4b08723628a0bacca6e94803d90be91
  DQAlertView: 438c2799ae5437f2f9683f8a627314aa91eb5032
  KLCPopup: 76c5a19227977f1e53d85236f9ef42257c168d98
  MagicalRecord: 53bed74b4323b930992a725be713e53b37d19755
  SDWebImage+ExtensionSupport: 72b57456f83ccd7996b258912c749a8275309b74
  Toast: 32c59229abfcf41850162b83bb9259dc84372473

COCOAPODS: 0.39.0
